github.com/gethugothemes/hugo-modules/accordion v0.0.0-20260506045356-8668811322e7 h1:4CYE39B/IQwU0fIJrQtlDOI6a9FK7h07wPROLkOq6CI=
github.com/gethugothemes/hugo-modules/accordion v0.0.0-20260506045356-8668811322e7/go.mod h1:D4DpauKPDcUHI9CVKYmJeO6bkSJIhUN864TyXZ2o0VI=
github.com/gethugothemes/hugo-modules/adsense v0.0.0-20260506045356-8668811322e7 h1:32HeVMRkZNPXPO6HHU5yNzipn7kdIRaFITqYHKy7bo8=
github.com/gethugothemes/hugo-modules/adsense v0.0.0-20260506045356-8668811322e7/go.mod h1:8p/gG/cyyu20z4q5cFN/JGE5TOFA55Xsp+aIP9KCsqo=
github.com/gethugothemes/hugo-modules/components/announcement v0.0.0-20260506045356-8668811322e7 h1:eE4YSWZkWeiNNVqAOfFsU+84HanAZLZb/TisP/B7NsQ=
github.com/gethugothemes/hugo-modules/components/announcement v0.0.0-20260506045356-8668811322e7/go.mod h1:BO6vbFLvEgb45epi/QtUkQmTyqsWSwxIqTpwDvqJFHk=
github.com/gethugothemes/hugo-modules/components/cookie-consent v0.0.0-20260506045356-8668811322e7 h1:ZaSN6vJir6MKSAJJVHWfHy5IGq92tNLAKu9b9CUwadI=
github.com/gethugothemes/hugo-modules/components/cookie-consent v0.0.0-20260506045356-8668811322e7/go.mod h1:511ERLpGe3ZTfV2z/NAtUSR5NqKF26h9z5lU/zYV4YQ=
github.com/gethugothemes/hugo-modules/components/custom-script v0.0.0-20260506045356-8668811322e7 h1:fubQAFzbt17Oihd3l2qHXuYQDC71d1XxuUpspbMA67Q=
github.com/gethugothemes/hugo-modules/components/custom-script v0.0.0-20260506045356-8668811322e7/go.mod h1:RuDHq4WnK8sNEzAIJr4BZQ7oXhzcct/EKaAxc2Xvi9E=
github.com/gethugothemes/hugo-modules/components/preloader v0.0.0-20260506045356-8668811322e7 h1:KzVlUXYqSjHdKfYSInPvJRixvBBAgveYNR4RmYDPrhM=
github.com/gethugothemes/hugo-modules/components/preloader v0.0.0-20260506045356-8668811322e7/go.mod h1:FP0iQ3tMOesuWFZhLst2KEvUEYPb5Jk1GW+QBP9lrwg=
github.com/gethugothemes/hugo-modules/components/render-link v0.0.0-20260506045356-8668811322e7 h1:1p9aY3v9nohzsWOMEQEkYht0sJrc+g/5ET+w3eP0jfM=
github.com/gethugothemes/hugo-modules/components/render-link v0.0.0-20260506045356-8668811322e7/go.mod h1:z3YcIeEBUonAoRDY1/Jv1ojNVkZ5ud35a0Nn8L4Inx0=
github.com/gethugothemes/hugo-modules/components/social-share v0.0.0-20260506045356-8668811322e7 h1:ugyWJ8jvrZHMh0u6anRXXB0TRZkiAwmtjF+nHidQUc8=
github.com/gethugothemes/hugo-modules/components/social-share v0.0.0-20260506045356-8668811322e7/go.mod h1:Gcj4RM/EBECsJMZnPeWjfy/1roRYGqzV9GYNmeHkvFA=
github.com/gethugothemes/hugo-modules/gallery-slider v0.0.0-20260506045356-8668811322e7 h1:3HrJqSLETKNIOIjl1hMVetIY+AbWf015gSNVbyKd7sE=
github.com/gethugothemes/hugo-modules/gallery-slider v0.0.0-20260506045356-8668811322e7/go.mod h1:MvQ2js/ofZ22CTX5wuvE+dC0rMe6C5HAWL2fEOu/yzE=
github.com/gethugothemes/hugo-modules/gzip-caching v0.0.0-20260506045356-8668811322e7 h1:v71AHzffywxlIIvdcsAExOEVCa79d34t7UDvrnWzIWU=
github.com/gethugothemes/hugo-modules/gzip-caching v0.0.0-20260506045356-8668811322e7/go.mod h1:0ZMjTZVG4XLZU2/icc8Saqo4mmgMpfRTrUZU2Aa2Pwg=
github.com/gethugothemes/hugo-modules/icons/font-awesome v0.0.0-20260506045356-8668811322e7 h1:yJeUsC2NBlF6GXiTd/Xzp3b/IEH52Vs++GSOM2kEKFo=
github.com/gethugothemes/hugo-modules/icons/font-awesome v0.0.0-20260506045356-8668811322e7/go.mod h1:d3gy1vQyfasPmGpau7HpQLrXbOv23PfXclSnjyOBxeU=
github.com/gethugothemes/hugo-modules/images v0.0.0-20260506045356-8668811322e7 h1:/L2yRDxUkfQVutwU5C8xgS0YEpLBKbNsixjUm8oQkik=
github.com/gethugothemes/hugo-modules/images v0.0.0-20260506045356-8668811322e7/go.mod h1:FKliP3qOW9diIcQeLtyZ0Hdhg3PL8bdAkC/6O+XtU90=
github.com/gethugothemes/hugo-modules/modal v0.0.0-20260506045356-8668811322e7 h1:Up3GZrAhckvOWU3wrPYKCiN6o39Afo5Dk+I5/w/WMVw=
github.com/gethugothemes/hugo-modules/modal v0.0.0-20260506045356-8668811322e7/go.mod h1:Eb9v7oV6biymfvjcBhQdvgn0gUGYhUtfCMeOBLFpFsk=
github.com/gethugothemes/hugo-modules/pwa v0.0.0-20260506045356-8668811322e7 h1:h4Njserc66vzl4YF5SCZmVJPtMeAgl8mXwc4k+hvMKo=
github.com/gethugothemes/hugo-modules/pwa v0.0.0-20260506045356-8668811322e7/go.mod h1:TRv7iszdfo37O1PbBEE+S8X/enAdpRIxK5DGrp13Qbo=
github.com/gethugothemes/hugo-modules/search v0.0.0-20260506045356-8668811322e7 h1:oMYKazB7XIdt8VNZ2Ny3YE468YsVBLKl70HcgfyJoDc=
github.com/gethugothemes/hugo-modules/search v0.0.0-20260506045356-8668811322e7/go.mod h1:tmDvLaZCM+QDvS/WLZXNjY1QTdWh7/68D2wIToECbyA=
github.com/gethugothemes/hugo-modules/seo-tools/basic-seo v0.0.0-20260506045356-8668811322e7 h1:L00CrFUKOtXARLUe08anZNeh7Y71dD4N2Z/0ZRU/c5s=
github.com/gethugothemes/hugo-modules/seo-tools/basic-seo v0.0.0-20260506045356-8668811322e7/go.mod h1:Q8dPgjamV7pxwKSQyWV21Xwh5CGi23/k+M8HPTphYbs=
github.com/gethugothemes/hugo-modules/seo-tools/google-tag-manager v0.0.0-20260506045356-8668811322e7 h1:XF+txAgQ3ulEKRUhRXXTGFgos4jC8ZBaRlCodVFOfq8=
github.com/gethugothemes/hugo-modules/seo-tools/google-tag-manager v0.0.0-20260506045356-8668811322e7/go.mod h1:cCq50yd55eFTrpqOfeyOK5X0hU5E7qxsqOD7IzTsgLA=
github.com/gethugothemes/hugo-modules/seo-tools/site-verifications v0.0.0-20260506045356-8668811322e7 h1:OcSdx4ezK6j9hB/OjM++knhoasVV1gGBmSZK+4tlNX0=
github.com/gethugothemes/hugo-modules/seo-tools/site-verifications v0.0.0-20260506045356-8668811322e7/go.mod h1:iXielaya126qJscz7Bc2G2WB91moloQOoWru6UoBUyE=
github.com/gethugothemes/hugo-modules/shortcodes/button v0.0.0-20260506045356-8668811322e7 h1:fI+n4OQ+mCV1aoAywi3DbQudP0vB61BkRVyrlZZVr5I=
github.com/gethugothemes/hugo-modules/shortcodes/button v0.0.0-20260506045356-8668811322e7/go.mod h1:MSvxGvjvcGUKTs6YMATU/9kYFrzW+VSVdy4CCOQLdsY=
github.com/gethugothemes/hugo-modules/shortcodes/mermaid v0.0.0-20260506045356-8668811322e7 h1:mXNJiloMOhhz3UPZ/AgcPkdV0h4Nui0jvOtfQFlGRXM=
github.com/gethugothemes/hugo-modules/shortcodes/mermaid v0.0.0-20260506045356-8668811322e7/go.mod h1:q9NMwIt4U1lkYwC/S3tAp6fCIA8jJAsZ2ToDTYq2GvE=
github.com/gethugothemes/hugo-modules/shortcodes/notice v0.0.0-20260506045356-8668811322e7 h1:FXCDrfSZnXWEJOMn1K19BacKECwj+78WC5d02K7T2z8=
github.com/gethugothemes/hugo-modules/shortcodes/notice v0.0.0-20260506045356-8668811322e7/go.mod h1:ljWyMJx82WA+6SlKjbGFhEdxcriyvUTCjXkJHDa4lho=
github.com/gethugothemes/hugo-modules/tab v0.0.0-20260506045356-8668811322e7 h1:3kcB6jz9WPXuZUEdj9ZySf7LNGtZSO7XoX3a0g3TCrg=
github.com/gethugothemes/hugo-modules/tab v0.0.0-20260506045356-8668811322e7/go.mod h1:h3UxlxrFoU19JldxWLPBKaTZFe3AJtABrqo1wfxr+Ng=
github.com/gethugothemes/hugo-modules/table-of-contents v0.0.0-20260506045356-8668811322e7 h1:fkcvYrtTBRPCGP7GEa6L8ZA7k0sBrtd3I/JheNYZ04E=
github.com/gethugothemes/hugo-modules/table-of-contents v0.0.0-20260506045356-8668811322e7/go.mod h1:bEDw4veccQQQYEdVrfu13ATRUWfW8ptDIjJZuhYh4Tw=
github.com/gethugothemes/hugo-modules/videos v0.0.0-20260506045356-8668811322e7 h1:Iq3TjaV4ZlHEtN+waFY2FgKuSmvgYCOsXn2s2a3Az1M=
github.com/gethugothemes/hugo-modules/videos v0.0.0-20260506045356-8668811322e7/go.mod h1:P722lLWdnNhdZVq6gvMrOLqECUwrAYQWaOWlChta5H0=
